
Microsoft Visual Studio Solution File, Format Version 12.00
# Visual Studio Version 17
VisualStudioVersion = 17.0.32112.339
MinimumVisualStudioVersion = 10.0.40219.1
Project("{FAE04EC0-301F-11D3-BF4B-00C04F79EFBC}") = "School", "School\School.csproj", "{9DC83F51-9D8C-4DFF-AC93-1787402DDFF4}"
EndProject
Global
	GlobalSection(SolutionConfigurationPlatforms) = preSolution
		Debug|Any CPU = Debug|Any CPU
		Release|Any CPU = Release|Any CPU
	EndGlobalSection
	GlobalSection(ProjectConfigurationPlatforms) = postSolution
		{9DC83F51-9D8C-4DFF-AC93-1787402DDFF4}.Debug|Any CPU.ActiveCfg = Debug|Any CPU
		{9DC83F51-9D8C-4DFF-AC93-1787402DDFF4}.Debug|Any CPU.Build.0 = Debug|Any CPU
		{9DC83F51-9D8C-4DFF-AC93-1787402DDFF4}.Release|Any CPU.ActiveCfg = Release|Any CPU
		{9DC83F51-9D8C-4DFF-AC93-1787402DDFF4}.Release|Any CPU.Build.0 = Release|Any CPU
	EndGlobalSection
	GlobalSection(SolutionProperties) = preSolution
		HideSolutionNode = FALSE
	EndGlobalSection
	GlobalSection(ExtensibilityGlobals) = postSolution
		SolutionGuid = {5F63780E-C041-4AC6-BB8E-768261D52C3B}
	EndGlobalSection
EndGlobal
